
Microsoft Visual Studio Solution File, Format Version 12.00
# Visual Studio Version 17
VisualStudioVersion = 17.3.32819.101
MinimumVisualStudioVersion = 10.0.40219.1
Project("{FAE04EC0-301F-11D3-BF4B-00C04F79EFBC}") = "EmployeePayRoll__UC9-14", "EmployeePayRoll__UC9-14.csproj", "{D39D196E-6544-43A6-960C-B673BE518201}"
EndProject
Global
	GlobalSection(SolutionConfigurationPlatforms) = preSolution
		Debug|Any CPU = Debug|Any CPU
		Release|Any CPU = Release|Any CPU
	EndGlobalSection
	GlobalSection(ProjectConfigurationPlatforms) = postSolution
		{D39D196E-6544-43A6-960C-B673BE518201}.Debug|Any CPU.ActiveCfg = Debug|Any CPU
		{D39D196E-6544-43A6-960C-B673BE518201}.Debug|Any CPU.Build.0 = Debug|Any CPU
		{D39D196E-6544-43A6-960C-B673BE518201}.Release|Any CPU.ActiveCfg = Release|Any CPU
		{D39D196E-6544-43A6-960C-B673BE518201}.Release|Any CPU.Build.0 = Release|Any CPU
	EndGlobalSection
	GlobalSection(SolutionProperties) = preSolution
		HideSolutionNode = FALSE
	EndGlobalSection
	GlobalSection(ExtensibilityGlobals) = postSolution
		SolutionGuid = {B706AF79-B944-4926-9DEC-31434C2F0646}
	EndGlobalSection
EndGlobal
